// !$*UTF8*$!
{
	archiveVersion = 1;
	classes = {
	};
	objectVersion = 46;
	objects = {

/* Begin PBXBuildFile section */
		EB4B1DE61EA8852700B49B98 /* AppDelegate.swift in Sources */ = {isa = PBXBuildFile; fileRef = EB4B1DE51EA8852700B49B98 /* AppDelegate.swift */; };
		EB4B1DE81EA8852700B49B98 /* ViewController.swift in Sources */ = {isa = PBXBuildFile; fileRef = EB4B1DE71EA8852700B49B98 /* ViewController.swift */; };
		EB4B1DEB1EA8852700B49B98 /* Main.storyboard in Resources */ = {isa = PBXBuildFile; fileRef = EB4B1DE91EA8852700B49B98 /* Main.storyboard */; };
		EB4B1DED1EA8852700B49B98 /* Assets.xcassets in Resources */ = {isa = PBXBuildFile; fileRef = EB4B1DEC1EA8852700B49B98 /* Assets.xcassets */; };
		EB4B1DF01EA8852700B49B98 /* LaunchScreen.storyboard in Resources */ = {isa = PBXBuildFile; fileRef = EB4B1DEE1EA8852700B49B98 /* LaunchScreen.storyboard */; };
		EB4B1DFB1EA8852700B49B98 /* MoymerAppTests.swift in Sources */ = {isa = PBXBuildFile; fileRef = EB4B1DFA1EA8852700B49B98 /* MoymerAppTests.swift */; };
		EB4B1E061EA8852700B49B98 /* MoymerAppUITests.swift in Sources */ = {isa = PBXBuildFile; fileRef = EB4B1E051EA8852700B49B98 /* MoymerAppUITests.swift */; };
		EB4B1E161EA88BBA00B49B98 /* CollectionViewCell.swift in Sources */ = {isa = PBXBuildFile; fileRef = EB4B1E151EA88BBA00B49B98 /* CollectionViewCell.swift */; };
		EB4B1E181EA88DDF00B49B98 /* videoInfomartions.swift in Sources */ = {isa = PBXBuildFile; fileRef = EB4B1E171EA88DDF00B49B98 /* videoInfomartions.swift */; };
		EB4B1E1A1EA88F1B00B49B98 /* informationsDAO.swift in Sources */ = {isa = PBXBuildFile; fileRef = EB4B1E191EA88F1B00B49B98 /* informationsDAO.swift */; };
		EB4B1E1C1EA8945800B49B98 /* PageViewController.swift in Sources */ = {isa = PBXBuildFile; fileRef = EB4B1E1B1EA8945800B49B98 /* PageViewController.swift */; };
		EB4B1E1E1EA8961300B49B98 /* VideoViewController.swift in Sources */ = {isa = PBXBuildFile; fileRef = EB4B1E1D1EA8961300B49B98 /* VideoViewController.swift */; };
		EB4B1E201EA8977A00B49B98 /* Transition.swift in Sources */ = {isa = PBXBuildFile; fileRef = EB4B1E1F1EA8977A00B49B98 /* Transition.swift */; };
		EB4B1E241EA8A9E800B49B98 /* AVKit.framework in Frameworks */ = {isa = PBXBuildFile; fileRef = EB4B1E231EA8A9E800B49B98 /* AVKit.framework */; };
		EB4B1E261EA8A9F100B49B98 /* MediaPlayer.framework in Frameworks */ = {isa = PBXBuildFile; fileRef = EB4B1E251EA8A9F100B49B98 /* MediaPlayer.framework */; };
/* End PBXBuildFile section */

/* Begin PBXContainerItemProxy section */
		EB4B1DF71EA8852700B49B98 /* PBXContainerItemProxy */ = {
			isa = PBXContainerItemProxy;
			containerPortal = EB4B1DDA1EA8852700B49B98 /* Project object */;
			proxyType = 1;
			remoteGlobalIDString = EB4B1DE11EA8852700B49B98;
			remoteInfo = MoymerApp;
		};
		EB4B1E021EA8852700B49B98 /* PBXContainerItemProxy */ = {
			isa = PBXContainerItemProxy;
			containerPortal = EB4B1DDA1EA8852700B49B98 /* Project object */;
			proxyType = 1;
			remoteGlobalIDString = EB4B1DE11EA8852700B49B98;
			remoteInfo = MoymerApp;
		};
/* End PBXContainerItemProxy section */

/* Begin PBXFileReference section */
		EB4B1DE21EA8852700B49B98 /* VideoApp.app */ = {isa = PBXFileReference; explicitFileType = wrapper.application; includeInIndex = 0; path = VideoApp.app; sourceTree = BUILT_PRODUCTS_DIR; };
		EB4B1DE51EA8852700B49B98 /* AppDelegate.swift */ = {isa = PBXFileReference; lastKnownFileType = sourcecode.swift; path = AppDelegate.swift; sourceTree = "<group>"; };
		EB4B1DE71EA8852700B49B98 /* ViewController.swift */ = {isa = PBXFileReference; lastKnownFileType = sourcecode.swift; path = ViewController.swift; sourceTree = "<group>"; };
		EB4B1DEA1EA8852700B49B98 /* Base */ = {isa = PBXFileReference; lastKnownFileType = file.storyboard; name = Base; path = Base.lproj/Main.storyboard; sourceTree = "<group>"; };
		EB4B1DEC1EA8852700B49B98 /* Assets.xcassets */ = {isa = PBXFileReference; lastKnownFileType = folder.assetcatalog; path = Assets.xcassets; sourceTree = "<group>"; };
		EB4B1DEF1EA8852700B49B98 /* Base */ = {isa = PBXFileReference; lastKnownFileType = file.storyboard; name = Base; path = Base.lproj/LaunchScreen.storyboard; sourceTree = "<group>"; };
		EB4B1DF11EA8852700B49B98 /* Info.plist */ = {isa = PBXFileReference; lastKnownFileType = text.plist.xml; path = Info.plist; sourceTree = "<group>"; };
		EB4B1DF61EA8852700B49B98 /* VideoAppTests.xctest */ = {isa = PBXFileReference; explicitFileType = wrapper.cfbundle; includeInIndex = 0; path = VideoAppTests.xctest; sourceTree = BUILT_PRODUCTS_DIR; };
		EB4B1DFA1EA8852700B49B98 /* MoymerAppTests.swift */ = {isa = PBXFileReference; lastKnownFileType = sourcecode.swift; path = MoymerAppTests.swift; sourceTree = "<group>"; };
		EB4B1DFC1EA8852700B49B98 /* Info.plist */ = {isa = PBXFileReference; lastKnownFileType = text.plist.xml; path = Info.plist; sourceTree = "<group>"; };
		EB4B1E011EA8852700B49B98 /* VideoAppUITests.xctest */ = {isa = PBXFileReference; explicitFileType = wrapper.cfbundle; includeInIndex = 0; path = VideoAppUITests.xctest; sourceTree = BUILT_PRODUCTS_DIR; };
		EB4B1E051EA8852700B49B98 /* MoymerAppUITests.swift */ = {isa = PBXFileReference; lastKnownFileType = sourcecode.swift; path = MoymerAppUITests.swift; sourceTree = "<group>"; };
		EB4B1E071EA8852700B49B98 /* Info.plist */ = {isa = PBXFileReference; lastKnownFileType = text.plist.xml; path = Info.plist; sourceTree = "<group>"; };
		EB4B1E151EA88BBA00B49B98 /* CollectionViewCell.swift */ = {isa = PBXFileReference; fileEncoding = 4; lastKnownFileType = sourcecode.swift; path = CollectionViewCell.swift; sourceTree = "<group>"; };
		EB4B1E171EA88DDF00B49B98 /* videoInfomartions.swift */ = {isa = PBXFileReference; fileEncoding = 4; lastKnownFileType = sourcecode.swift; path = videoInfomartions.swift; sourceTree = "<group>"; };
		EB4B1E191EA88F1B00B49B98 /* informationsDAO.swift */ = {isa = PBXFileReference; fileEncoding = 4; lastKnownFileType = sourcecode.swift; path = informationsDAO.swift; sourceTree = "<group>"; };
		EB4B1E1B1EA8945800B49B98 /* PageViewController.swift */ = {isa = PBXFileReference; fileEncoding = 4; lastKnownFileType = sourcecode.swift; path = PageViewController.swift; sourceTree = "<group>"; };
		EB4B1E1D1EA8961300B49B98 /* VideoViewController.swift */ = {isa = PBXFileReference; fileEncoding = 4; lastKnownFileType = sourcecode.swift; path = VideoViewController.swift; sourceTree = "<group>"; };
		EB4B1E1F1EA8977A00B49B98 /* Transition.swift */ = {isa = PBXFileReference; fileEncoding = 4; lastKnownFileType = sourcecode.swift; path = Transition.swift; sourceTree = "<group>"; };
		EB4B1E231EA8A9E800B49B98 /* AVKit.framework */ = {isa = PBXFileReference; lastKnownFileType = wrapper.framework; name = AVKit.framework; path = System/Library/Frameworks/AVKit.framework; sourceTree = SDKROOT; };
		EB4B1E251EA8A9F100B49B98 /* MediaPlayer.framework */ = {isa = PBXFileReference; lastKnownFileType = wrapper.framework; name = MediaPlayer.framework; path = System/Library/Frameworks/MediaPlayer.framework; sourceTree = SDKROOT; };
/* End PBXFileReference section */

/* Begin PBXFrameworksBuildPhase section */
		EB4B1DDF1EA8852700B49B98 /* Frameworks */ = {
			isa = PBXFrameworksBuildPhase;
			buildActionMask = 2147483647;
			files = (
				EB4B1E261EA8A9F100B49B98 /* MediaPlayer.framework in Frameworks */,
				EB4B1E241EA8A9E800B49B98 /* AVKit.framework in Frameworks */,
			);
			runOnlyForDeploymentPostprocessing = 0;
		};
		EB4B1DF31EA8852700B49B98 /* Frameworks */ = {
			isa = PBXFrameworksBuildPhase;
			buildActionMask = 2147483647;
			files = (
			);
			runOnlyForDeploymentPostprocessing = 0;
		};
		EB4B1DFE1EA8852700B49B98 /* Frameworks */ = {
			isa = PBXFrameworksBuildPhase;
			buildActionMask = 2147483647;
			files = (
			);
			runOnlyForDeploymentPostprocessing = 0;
		};
/* End PBXFrameworksBuildPhase section */

/* Begin PBXGroup section */
		EB4B1DD91EA8852700B49B98 = {
			isa = PBXGroup;
			children = (
				EB4B1DE41EA8852700B49B98 /* MoymerApp */,
				EB4B1DF91EA8852700B49B98 /* MoymerAppTests */,
				EB4B1E041EA8852700B49B98 /* MoymerAppUITests */,
				EB4B1DE31EA8852700B49B98 /* Products */,
				EB4B1E221EA8A9E800B49B98 /* Frameworks */,
			);
			sourceTree = "<group>";
		};
		EB4B1DE31EA8852700B49B98 /* Products */ = {
			isa = PBXGroup;
			children = (
				EB4B1DE21EA8852700B49B98 /* VideoApp.app */,
				EB4B1DF61EA8852700B49B98 /* VideoAppTests.xctest */,
				EB4B1E011EA8852700B49B98 /* VideoAppUITests.xctest */,
			);
			name = Products;
			sourceTree = "<group>";
		};
		EB4B1DE41EA8852700B49B98 /* MoymerApp */ = {
			isa = PBXGroup;
			children = (
				EB4B1E141EA88B9B00B49B98 /* Cells */,
				EB4B1DE51EA8852700B49B98 /* AppDelegate.swift */,
				EB4B1DE71EA8852700B49B98 /* ViewController.swift */,
				EB4B1DE91EA8852700B49B98 /* Main.storyboard */,
				EB4B1DEC1EA8852700B49B98 /* Assets.xcassets */,
				EB4B1DEE1EA8852700B49B98 /* LaunchScreen.storyboard */,
				EB4B1DF11EA8852700B49B98 /* Info.plist */,
				EB4B1E171EA88DDF00B49B98 /* videoInfomartions.swift */,
				EB4B1E191EA88F1B00B49B98 /* informationsDAO.swift */,
				EB4B1E1B1EA8945800B49B98 /* PageViewController.swift */,
				EB4B1E1D1EA8961300B49B98 /* VideoViewController.swift */,
				EB4B1E1F1EA8977A00B49B98 /* Transition.swift */,
			);
			path = MoymerApp;
			sourceTree = "<group>";
		};
		EB4B1DF91EA8852700B49B98 /* MoymerAppTests */ = {
			isa = PBXGroup;
			children = (
				EB4B1DFA1EA8852700B49B98 /* MoymerAppTests.swift */,
				EB4B1DFC1EA8852700B49B98 /* Info.plist */,
			);
			path = MoymerAppTests;
			sourceTree = "<group>";
		};
		EB4B1E041EA8852700B49B98 /* MoymerAppUITests */ = {
			isa = PBXGroup;
			children = (
				EB4B1E051EA8852700B49B98 /* MoymerAppUITests.swift */,
				EB4B1E071EA8852700B49B98 /* Info.plist */,
			);
			path = MoymerAppUITests;
			sourceTree = "<group>";
		};
		EB4B1E141EA88B9B00B49B98 /* Cells */ = {
			isa = PBXGroup;
			children = (
				EB4B1E151EA88BBA00B49B98 /* CollectionViewCell.swift */,
			);
			name = Cells;
			sourceTree = "<group>";
		};
		EB4B1E221EA8A9E800B49B98 /* Frameworks */ = {
			isa = PBXGroup;
			children = (
				EB4B1E251EA8A9F100B49B98 /* MediaPlayer.framework */,
				EB4B1E231EA8A9E800B49B98 /* AVKit.framework */,
			);
			name = Frameworks;
			sourceTree = "<group>";
		};
/* End PBXGroup section */

/* Begin PBXNativeTarget section */
		EB4B1DE11EA8852700B49B98 /* VideoApp */ = {
			isa = PBXNativeTarget;
			buildConfigurationList = EB4B1E0A1EA8852700B49B98 /* Build configuration list for PBXNativeTarget "VideoApp" */;
			buildPhases = (
				EB4B1DDE1EA8852700B49B98 /* Sources */,
				EB4B1DDF1EA8852700B49B98 /* Frameworks */,
				EB4B1DE01EA8852700B49B98 /* Resources */,
			);
			buildRules = (
			);
			dependencies = (
			);
			name = VideoApp;
			productName = MoymerApp;
			productReference = EB4B1DE21EA8852700B49B98 /* VideoApp.app */;
			productType = "com.apple.product-type.application";
		};
		EB4B1DF51EA8852700B49B98 /* VideoAppTests */ = {
			isa = PBXNativeTarget;
			buildConfigurationList = EB4B1E0D1EA8852700B49B98 /* Build configuration list for PBXNativeTarget "VideoAppTests" */;
			buildPhases = (
				EB4B1DF21EA8852700B49B98 /* Sources */,
				EB4B1DF31EA8852700B49B98 /* Frameworks */,
				EB4B1DF41EA8852700B49B98 /* Resources */,
			);
			buildRules = (
			);
			dependencies = (
				EB4B1DF81EA8852700B49B98 /* PBXTargetDependency */,
			);
			name = VideoAppTests;
			productName = MoymerAppTests;
			productReference = EB4B1DF61EA8852700B49B98 /* VideoAppTests.xctest */;
			productType = "com.apple.product-type.bundle.unit-test";
		};
		EB4B1E001EA8852700B49B98 /* VideoAppUITests */ = {
			isa = PBXNativeTarget;
			buildConfigurationList = EB4B1E101EA8852700B49B98 /* Build configuration list for PBXNativeTarget "VideoAppUITests" */;
			buildPhases = (
				EB4B1DFD1EA8852700B49B98 /* Sources */,
				EB4B1DFE1EA8852700B49B98 /* Frameworks */,
				EB4B1DFF1EA8852700B49B98 /* Resources */,
			);
			buildRules = (
			);
			dependencies = (
				EB4B1E031EA8852700B49B98 /* PBXTargetDependency */,
			);
			name = VideoAppUITests;
			productName = MoymerAppUITests;
			productReference = EB4B1E011EA8852700B49B98 /* VideoAppUITests.xctest */;
			productType = "com.apple.product-type.bundle.ui-testing";
		};
/* End PBXNativeTarget section */

/* Begin PBXProject section */
		EB4B1DDA1EA8852700B49B98 /* Project object */ = {
			isa = PBXProject;
			attributes = {
				LastSwiftUpdateCheck = 0830;
				LastUpgradeCheck = 0830;
				ORGANIZATIONNAME = Pedro;
				TargetAttributes = {
					EB4B1DE11EA8852700B49B98 = {
						CreatedOnToolsVersion = 8.3.2;
						DevelopmentTeam = 6YK98Y266V;
						ProvisioningStyle = Automatic;
					};
					EB4B1DF51EA8852700B49B98 = {
						CreatedOnToolsVersion = 8.3.2;
						DevelopmentTeam = 6YK98Y266V;
						ProvisioningStyle = Automatic;
						TestTargetID = EB4B1DE11EA8852700B49B98;
					};
					EB4B1E001EA8852700B49B98 = {
						CreatedOnToolsVersion = 8.3.2;
						DevelopmentTeam = 6YK98Y266V;
						ProvisioningStyle = Automatic;
						TestTargetID = EB4B1DE11EA8852700B49B98;
					};
				};
			};
			buildConfigurationList = EB4B1DDD1EA8852700B49B98 /* Build configuration list for PBXProject "VideoApp" */;
			compatibilityVersion = "Xcode 3.2";
			developmentRegion = English;
			hasScannedForEncodings = 0;
			knownRegions = (
				en,
				Base,
			);
			mainGroup = EB4B1DD91EA8852700B49B98;
			productRefGroup = EB4B1DE31EA8852700B49B98 /* Products */;
			projectDirPath = "";
			projectRoot = "";
			targets = (
				EB4B1DE11EA8852700B49B98 /* VideoApp */,
				EB4B1DF51EA8852700B49B98 /* VideoAppTests */,
				EB4B1E001EA8852700B49B98 /* VideoAppUITests */,
			);
		};
/* End PBXProject section */

/* Begin PBXResourcesBuildPhase section */
		EB4B1DE01EA8852700B49B98 /* Resources */ = {
			isa = PBXResourcesBuildPhase;
			buildActionMask = 2147483647;
			files = (
				EB4B1DF01EA8852700B49B98 /* LaunchScreen.storyboard in Resources */,
				EB4B1DED1EA8852700B49B98 /* Assets.xcassets in Resources */,
				EB4B1DEB1EA8852700B49B98 /* Main.storyboard in Resources */,
			);
			runOnlyForDeploymentPostprocessing = 0;
		};
		EB4B1DF41EA8852700B49B98 /* Resources */ = {
			isa = PBXResourcesBuildPhase;
			buildActionMask = 2147483647;
			files = (
			);
			runOnlyForDeploymentPostprocessing = 0;
		};
		EB4B1DFF1EA8852700B49B98 /* Resources */ = {
			isa = PBXResourcesBuildPhase;
			buildActionMask = 2147483647;
			files = (
			);
			runOnlyForDeploymentPostprocessing = 0;
		};
/* End PBXResourcesBuildPhase section */

/* Begin PBXSourcesBuildPhase section */
		EB4B1DDE1EA8852700B49B98 /* Sources */ = {
			isa = PBXSourcesBuildPhase;
			buildActionMask = 2147483647;
			files = (
				EB4B1E1A1EA88F1B00B49B98 /* informationsDAO.swift in Sources */,
				EB4B1E1E1EA8961300B49B98 /* VideoViewController.swift in Sources */,
				EB4B1DE81EA8852700B49B98 /* ViewController.swift in Sources */,
				EB4B1DE61EA8852700B49B98 /* AppDelegate.swift in Sources */,
				EB4B1E1C1EA8945800B49B98 /* PageViewController.swift in Sources */,
				EB4B1E181EA88DDF00B49B98 /* videoInfomartions.swift in Sources */,
				EB4B1E201EA8977A00B49B98 /* Transition.swift in Sources */,
				EB4B1E161EA88BBA00B49B98 /* CollectionViewCell.swift in Sources */,
			);
			runOnlyForDeploymentPostprocessing = 0;
		};
		EB4B1DF21EA8852700B49B98 /* Sources */ = {
			isa = PBXSourcesBuildPhase;
			buildActionMask = 2147483647;
			files = (
				EB4B1DFB1EA8852700B49B98 /* MoymerAppTests.swift in Sources */,
			);
			runOnlyForDeploymentPostprocessing = 0;
		};
		EB4B1DFD1EA8852700B49B98 /* Sources */ = {
			isa = PBXSourcesBuildPhase;
			buildActionMask = 2147483647;
			files = (
				EB4B1E061EA8852700B49B98 /* MoymerAppUITests.swift in Sources */,
			);
			runOnlyForDeploymentPostprocessing = 0;
		};
/* End PBXSourcesBuildPhase section */

/* Begin PBXTargetDependency section */
		EB4B1DF81EA8852700B49B98 /* PBXTargetDependency */ = {
			isa = PBXTargetDependency;
			target = EB4B1DE11EA8852700B49B98 /* VideoApp */;
			targetProxy = EB4B1DF71EA8852700B49B98 /* PBXContainerItemProxy */;
		};
		EB4B1E031EA8852700B49B98 /* PBXTargetDependency */ = {
			isa = PBXTargetDependency;
			target = EB4B1DE11EA8852700B49B98 /* VideoApp */;
			targetProxy = EB4B1E021EA8852700B49B98 /* PBXContainerItemProxy */;
		};
/* End PBXTargetDependency section */

/* Begin PBXVariantGroup section */
		EB4B1DE91EA8852700B49B98 /* Main.storyboard */ = {
			isa = PBXVariantGroup;
			children = (
				EB4B1DEA1EA8852700B49B98 /* Base */,
			);
			name = Main.storyboard;
			sourceTree = "<group>";
		};
		EB4B1DEE1EA8852700B49B98 /* LaunchScreen.storyboard */ = {
			isa = PBXVariantGroup;
			children = (
				EB4B1DEF1EA8852700B49B98 /* Base */,
			);
			name = LaunchScreen.storyboard;
			sourceTree = "<group>";
		};
/* End PBXVariantGroup section */

/* Begin XCBuildConfiguration section */
		EB4B1E081EA8852700B49B98 /* Debug */ = {
			isa = XCBuildConfiguration;
			buildSettings = {
				ALWAYS_SEARCH_USER_PATHS = NO;
				CLANG_ANALYZER_NONNULL = YES;
				CLANG_ANALYZER_NUMBER_OBJECT_CONVERSION = YES_AGGRESSIVE;
				CLANG_CXX_LANGUAGE_STANDARD = "gnu++0x";
				CLANG_CXX_LIBRARY = "libc++";
				CLANG_ENABLE_MODULES = YES;
				CLANG_ENABLE_OBJC_ARC = YES;
				CLANG_WARN_BOOL_CONVERSION = YES;
				CLANG_WARN_CONSTANT_CONVERSION = YES;
				CLANG_WARN_DIRECT_OBJC_ISA_USAGE = YES_ERROR;
				CLANG_WARN_DOCUMENTATION_COMMENTS = YES;
				CLANG_WARN_EMPTY_BODY = YES;
				CLANG_WARN_ENUM_CONVERSION = YES;
				CLANG_WARN_INFINITE_RECURSION = YES;
				CLANG_WARN_INT_CONVERSION = YES;
				CLANG_WARN_OBJC_ROOT_CLASS = YES_ERROR;
				CLANG_WARN_SUSPICIOUS_MOVE = YES;
				CLANG_WARN_UNREACHABLE_CODE = YES;
				CLANG_WARN__DUPLICATE_METHOD_MATCH = YES;
				"CODE_SIGN_IDENTITY[sdk=iphoneos*]" = "iPhone Developer";
				COPY_PHASE_STRIP = NO;
				DEBUG_INFORMATION_FORMAT = dwarf;
				ENABLE_STRICT_OBJC_MSGSEND = YES;
				ENABLE_TESTABILITY = YES;
				GCC_C_LANGUAGE_STANDARD = gnu99;
				GCC_DYNAMIC_NO_PIC = NO;
				GCC_NO_COMMON_BLOCKS = YES;
				GCC_OPTIMIZATION_LEVEL = 0;
				GCC_PREPROCESSOR_DEFINITIONS = (
					"DEBUG=1",
					"$(inherited)",
				);
				GCC_WARN_64_TO_32_BIT_CONVERSION = YES;
				GCC_WARN_ABOUT_RETURN_TYPE = YES_ERROR;
				GCC_WARN_UNDECLARED_SELECTOR = YES;
				GCC_WARN_UNINITIALIZED_AUTOS = YES_AGGRESSIVE;
				GCC_WARN_UNUSED_FUNCTION = YES;
				GCC_WARN_UNUSED_VARIABLE = YES;
				IPHONEOS_DEPLOYMENT_TARGET = 10.3;
				MTL_ENABLE_DEBUG_INFO = YES;
				ONLY_ACTIVE_ARCH = YES;
				SDKROOT = iphoneos;
				SWIFT_ACTIVE_COMPILATION_CONDITIONS = DEBUG;
				SWIFT_OPTIMIZATION_LEVEL = "-Onone";
				TARGETED_DEVICE_FAMILY = "1,2";
			};
			name = Debug;
		};
		EB4B1E091EA8852700B49B98 /* Release */ = {
			isa = XCBuildConfiguration;
			buildSettings = {
				ALWAYS_SEARCH_USER_PATHS = NO;
				CLANG_ANALYZER_NONNULL = YES;
				CLANG_ANALYZER_NUMBER_OBJECT_CONVERSION = YES_AGGRESSIVE;
				CLANG_CXX_LANGUAGE_STANDARD = "gnu++0x";
				CLANG_CXX_LIBRARY = "libc++";
				CLANG_ENABLE_MODULES = YES;
				CLANG_ENABLE_OBJC_ARC = YES;
				CLANG_WARN_BOOL_CONVERSION = YES;
				CLANG_WARN_CONSTANT_CONVERSION = YES;
				CLANG_WARN_DIRECT_OBJC_ISA_USAGE = YES_ERROR;
				CLANG_WARN_DOCUMENTATION_COMMENTS = YES;
				CLANG_WARN_EMPTY_BODY = YES;
				CLANG_WARN_ENUM_CONVERSION = YES;
				CLANG_WARN_INFINITE_RECURSION = YES;
				CLANG_WARN_INT_CONVERSION = YES;
				CLANG_WARN_OBJC_ROOT_CLASS = YES_ERROR;
				CLANG_WARN_SUSPICIOUS_MOVE = YES;
				CLANG_WARN_UNREACHABLE_CODE = YES;
				CLANG_WARN__DUPLICATE_METHOD_MATCH = YES;
				"CODE_SIGN_IDENTITY[sdk=iphoneos*]" = "iPhone Developer";
				COPY_PHASE_STRIP = NO;
				DEBUG_INFORMATION_FORMAT = "dwarf-with-dsym";
				ENABLE_NS_ASSERTIONS = NO;
				ENABLE_STRICT_OBJC_MSGSEND = YES;
				GCC_C_LANGUAGE_STANDARD = gnu99;
				GCC_NO_COMMON_BLOCKS = YES;
				GCC_WARN_64_TO_32_BIT_CONVERSION = YES;
				GCC_WARN_ABOUT_RETURN_TYPE = YES_ERROR;
				GCC_WARN_UNDECLARED_SELECTOR = YES;
				GCC_WARN_UNINITIALIZED_AUTOS = YES_AGGRESSIVE;
				GCC_WARN_UNUSED_FUNCTION = YES;
				GCC_WARN_UNUSED_VARIABLE = YES;
				IPHONEOS_DEPLOYMENT_TARGET = 10.3;
				MTL_ENABLE_DEBUG_INFO = NO;
				SDKROOT = iphoneos;
				SWIFT_OPTIMIZATION_LEVEL = "-Owholemodule";
				TARGETED_DEVICE_FAMILY = "1,2";
				VALIDATE_PRODUCT = YES;
			};
			name = Release;
		};
		EB4B1E0B1EA8852700B49B98 /* Debug */ = {
			isa = XCBuildConfiguration;
			buildSettings = {
				ASSETCATALOG_COMPILER_APPICON_NAME = AppIcon;
				DEVELOPMENT_TEAM = 6YK98Y266V;
				INFOPLIST_FILE = MoymerApp/Info.plist;
				LD_RUNPATH_SEARCH_PATHS = "$(inherited) @executable_path/Frameworks";
				PRODUCT_BUNDLE_IDENTIFIER = pedrosomensi.MoymerApp;
				PRODUCT_NAME = "$(TARGET_NAME)";
				SWIFT_VERSION = 3.0;
			};
			name = Debug;
		};
		EB4B1E0C1EA8852700B49B98 /* Release */ = {
			isa = XCBuildConfiguration;
			buildSettings = {
				ASSETCATALOG_COMPILER_APPICON_NAME = AppIcon;
				DEVELOPMENT_TEAM = 6YK98Y266V;
				INFOPLIST_FILE = MoymerApp/Info.plist;
				LD_RUNPATH_SEARCH_PATHS = "$(inherited) @executable_path/Frameworks";
				PRODUCT_BUNDLE_IDENTIFIER = pedrosomensi.MoymerApp;
				PRODUCT_NAME = "$(TARGET_NAME)";
				SWIFT_VERSION = 3.0;
			};
			name = Release;
		};
		EB4B1E0E1EA8852700B49B98 /* Debug */ = {
			isa = XCBuildConfiguration;
			buildSettings = {
				ALWAYS_EMBED_SWIFT_STANDARD_LIBRARIES = YES;
				BUNDLE_LOADER = "$(TEST_HOST)";
				DEVELOPMENT_TEAM = 6YK98Y266V;
				INFOPLIST_FILE = MoymerAppTests/Info.plist;
				LD_RUNPATH_SEARCH_PATHS = "$(inherited) @executable_path/Frameworks @loader_path/Frameworks";
				PRODUCT_BUNDLE_IDENTIFIER = pedrosomensi.MoymerAppTests;
				PRODUCT_NAME = "$(TARGET_NAME)";
				SWIFT_VERSION = 3.0;
				TEST_HOST = "$(BUILT_PRODUCTS_DIR)/VideoApp.app/VideoApp";
			};
			name = Debug;
		};
		EB4B1E0F1EA8852700B49B98 /* Release */ = {
			isa = XCBuildConfiguration;
			buildSettings = {
				ALWAYS_EMBED_SWIFT_STANDARD_LIBRARIES = YES;
				BUNDLE_LOADER = "$(TEST_HOST)";
				DEVELOPMENT_TEAM = 6YK98Y266V;
				INFOPLIST_FILE = MoymerAppTests/Info.plist;
				LD_RUNPATH_SEARCH_PATHS = "$(inherited) @executable_path/Frameworks @loader_path/Frameworks";
				PRODUCT_BUNDLE_IDENTIFIER = pedrosomensi.MoymerAppTests;
				PRODUCT_NAME = "$(TARGET_NAME)";
				SWIFT_VERSION = 3.0;
				TEST_HOST = "$(BUILT_PRODUCTS_DIR)/VideoApp.app/VideoApp";
			};
			name = Release;
		};
		EB4B1E111EA8852700B49B98 /* Debug */ = {
			isa = XCBuildConfiguration;
			buildSettings = {
				ALWAYS_EMBED_SWIFT_STANDARD_LIBRARIES = YES;
				DEVELOPMENT_TEAM = 6YK98Y266V;
				INFOPLIST_FILE = MoymerAppUITests/Info.plist;
				LD_RUNPATH_SEARCH_PATHS = "$(inherited) @executable_path/Frameworks @loader_path/Frameworks";
				PRODUCT_BUNDLE_IDENTIFIER = pedrosomensi.MoymerAppUITests;
				PRODUCT_NAME = "$(TARGET_NAME)";
				SWIFT_VERSION = 3.0;
				TEST_TARGET_NAME = MoymerApp;
			};
			name = Debug;
		};
		EB4B1E121EA8852700B49B98 /* Release */ = {
			isa = XCBuildConfiguration;
			buildSettings = {
				ALWAYS_EMBED_SWIFT_STANDARD_LIBRARIES = YES;
				DEVELOPMENT_TEAM = 6YK98Y266V;
				INFOPLIST_FILE = MoymerAppUITests/Info.plist;
				LD_RUNPATH_SEARCH_PATHS = "$(inherited) @executable_path/Frameworks @loader_path/Frameworks";
				PRODUCT_BUNDLE_IDENTIFIER = pedrosomensi.MoymerAppUITests;
				PRODUCT_NAME = "$(TARGET_NAME)";
				SWIFT_VERSION = 3.0;
				TEST_TARGET_NAME = MoymerApp;
			};
			name = Release;
		};
/* End XCBuildConfiguration section */

/* Begin XCConfigurationList section */
		EB4B1DDD1EA8852700B49B98 /* Build configuration list for PBXProject "VideoApp" */ = {
			isa = XCConfigurationList;
			buildConfigurations = (
				EB4B1E081EA8852700B49B98 /* Debug */,
				EB4B1E091EA8852700B49B98 /* Release */,
			);
			defaultConfigurationIsVisible = 0;
			defaultConfigurationName = Release;
		};
		EB4B1E0A1EA8852700B49B98 /* Build configuration list for PBXNativeTarget "VideoApp" */ = {
			isa = XCConfigurationList;
			buildConfigurations = (
				EB4B1E0B1EA8852700B49B98 /* Debug */,
				EB4B1E0C1EA8852700B49B98 /* Release */,
			);
			defaultConfigurationIsVisible = 0;
		};
		EB4B1E0D1EA8852700B49B98 /* Build configuration list for PBXNativeTarget "VideoAppTests" */ = {
			isa = XCConfigurationList;
			buildConfigurations = (
				EB4B1E0E1EA8852700B49B98 /* Debug */,
				EB4B1E0F1EA8852700B49B98 /* Release */,
			);
			defaultConfigurationIsVisible = 0;
		};
		EB4B1E101EA8852700B49B98 /* Build configuration list for PBXNativeTarget "VideoAppUITests" */ = {
			isa = XCConfigurationList;
			buildConfigurations = (
				EB4B1E111EA8852700B49B98 /* Debug */,
				EB4B1E121EA8852700B49B98 /* Release */,
			);
			defaultConfigurationIsVisible = 0;
		};
/* End XCConfigurationList section */
	};
	rootObject = EB4B1DDA1EA8852700B49B98 /* Project object */;
}
